{
  "requires": true,
  "lockfileVersion": 1,
  "dependencies": {
    "@babel/runtime": {
      "version": "7.9.2",
      "resolved": "https://registry.npmjs.org/@babel/runtime/-/runtime-7.9.2.tgz",
      "integrity": "sha512-NE2DtOdufG7R5vnfQUTehdTfNycfUANEtCa9PssN9O/xmTzP4E08UI797ixaei6hBEVL9BI/PsdJS5x7mWoB9Q==",
      "requires": {
        "regenerator-runtime": "^0.13.4"
      }
    },
    "activestorage": {
      "version": "5.2.4",
      "resolved": "https://registry.npmjs.org/activestorage/-/activestorage-5.2.4.tgz",
      "integrity": "sha512-3HDU9nCt/wn4yisSdS7wd32YPZgKRfwq2BE4kA7yuAQYKn+/X2S1sM8nAtnfPQRZIWarabIvGjbVzJNsERAb5Q==",
      "requires": {
        "spark-md5": "^3.0.0"
      }
    },
    "react-activestorage-provider": {
      "version": "git+https://github.com/cbothner/react-activestorage-provider.git#6be6084e90552bec86a92d3be914d0eca7739b80",
      "from": "git+https://github.com/cbothner/react-activestorage-provider.git",
      "requires": {
        "@babel/runtime": "^7.1.2",
        "activestorage": "^5.2.0"
      }
    },
    "regenerator-runtime": {
      "version": "0.13.5",
      "resolved": "https://registry.npmjs.org/regenerator-runtime/-/regenerator-runtime-0.13.5.tgz",
      "integrity": "sha512-ZS5w8CpKFinUzOwW3c83oPeVXoNsrLsaCoLtJvAClH135j/R77RuymhiSErhm2lKcwSCIpmvIWSbDkIfAqKQlA=="
    },
    "spark-md5": {
      "version": "3.0.1",
      "resolved": "https://registry.npmjs.org/spark-md5/-/spark-md5-3.0.1.tgz",
      "integrity": "sha512-0tF3AGSD1ppQeuffsLDIOWlKUd3lS92tFxcsrh5Pe3ZphhnoK+oXIBTzOAThZCiuINZLvpiLH/1VS1/ANEJVig=="
    }
  }
}
